
Microsoft Visual Studio Solution File, Format Version 12.00
# Visual Studio Version 17
VisualStudioVersion = 17.3.32922.545
MinimumVisualStudioVersion = 10.0.40219.1
Project("{FAE04EC0-301F-11D3-BF4B-00C04F79EFBC}") = "MBusWMSim", "MBusWMSim\MBusWMSim.csproj", "{EF85269F-A28B-4249-97CA-D4E4EF17F8F6}"
EndProject
Global
	GlobalSection(SolutionConfigurationPlatforms) = preSolution
		Debug|Any CPU = Debug|Any CPU
		Release|Any CPU = Release|Any CPU
	EndGlobalSection
	GlobalSection(ProjectConfigurationPlatforms) = postSolution
		{EF85269F-A28B-4249-97CA-D4E4EF17F8F6}.Debug|Any CPU.ActiveCfg = Debug|Any CPU
		{EF85269F-A28B-4249-97CA-D4E4EF17F8F6}.Debug|Any CPU.Build.0 = Debug|Any CPU
		{EF85269F-A28B-4249-97CA-D4E4EF17F8F6}.Release|Any CPU.ActiveCfg = Release|Any CPU
		{EF85269F-A28B-4249-97CA-D4E4EF17F8F6}.Release|Any CPU.Build.0 = Release|Any CPU
	EndGlobalSection
	GlobalSection(SolutionProperties) = preSolution
		HideSolutionNode = FALSE
	EndGlobalSection
	GlobalSection(ExtensibilityGlobals) = postSolution
		SolutionGuid = {1A08C3A8-72B4-4BCF-80CD-F6B2315E5289}
	EndGlobalSection
EndGlobal
